// !$*UTF8*$!
{
	archiveVersion = 1;
	classes = {
	};
	objectVersion = 48;
	objects = {

/* Begin PBXBuildFile section */
		1B2982C32086F02900AA2848 /* dataout.txt in Resources */ = {isa = PBXBuildFile; fileRef = 1B2982C22086F02900AA2848 /* dataout.txt */; };
		1B409D92207C9ACB0029A906 /* AppDelegate.swift in Sources */ = {isa = PBXBuildFile; fileRef = 1B409D91207C9ACB0029A906 /* AppDelegate.swift */; };
		1B409D94207C9ACB0029A906 /* ViewController.swift in Sources */ = {isa = PBXBuildFile; fileRef = 1B409D93207C9ACB0029A906 /* ViewController.swift */; };
		1B409D97207C9ACB0029A906 /* Main.storyboard in Resources */ = {isa = PBXBuildFile; fileRef = 1B409D95207C9ACB0029A906 /* Main.storyboard */; };
		1B409D99207C9ACB0029A906 /* Assets.xcassets in Resources */ = {isa = PBXBuildFile; fileRef = 1B409D98207C9ACB0029A906 /* Assets.xcassets */; };
		1B409D9C207C9ACB0029A906 /* LaunchScreen.storyboard in Resources */ = {isa = PBXBuildFile; fileRef = 1B409D9A207C9ACB0029A906 /* LaunchScreen.storyboard */; };
		1B409DA5207CA11F0029A906 /* mmap.m in Sources */ = {isa = PBXBuildFile; fileRef = 1B409DA4207CA11F0029A906 /* mmap.m */; };
		1B409DA7207CAA960029A906 /* data.txt in Resources */ = {isa = PBXBuildFile; fileRef = 1B409DA6207CAA960029A906 /* data.txt */; };
/* End PBXBuildFile section */

/* Begin PBXFileReference section */
		1B2982C22086F02900AA2848 /* dataout.txt */ = {isa = PBXFileReference; lastKnownFileType = text; path = dataout.txt; sourceTree = "<group>"; };
		1B409D8E207C9ACB0029A906 /* MMap.app */ = {isa = PBXFileReference; explicitFileType = wrapper.application; includeInIndex = 0; path = MMap.app; sourceTree = BUILT_PRODUCTS_DIR; };
		1B409D91207C9ACB0029A906 /* AppDelegate.swift */ = {isa = PBXFileReference; lastKnownFileType = sourcecode.swift; path = AppDelegate.swift; sourceTree = "<group>"; };
		1B409D93207C9ACB0029A906 /* ViewController.swift */ = {isa = PBXFileReference; lastKnownFileType = sourcecode.swift; path = ViewController.swift; sourceTree = "<group>"; };
		1B409D96207C9ACB0029A906 /* Base */ = {isa = PBXFileReference; lastKnownFileType = file.storyboard; name = Base; path = Base.lproj/Main.storyboard; sourceTree = "<group>"; };
		1B409D98207C9ACB0029A906 /* Assets.xcassets */ = {isa = PBXFileReference; lastKnownFileType = folder.assetcatalog; path = Assets.xcassets; sourceTree = "<group>"; };
		1B409D9B207C9ACB0029A906 /* Base */ = {isa = PBXFileReference; lastKnownFileType = file.storyboard; name = Base; path = Base.lproj/LaunchScreen.storyboard; sourceTree = "<group>"; };
		1B409D9D207C9ACB0029A906 /* Info.plist */ = {isa = PBXFileReference; lastKnownFileType = text.plist.xml; path = Info.plist; sourceTree = "<group>"; };
		1B409DA3207CA11F0029A906 /* MMap-Bridging-Header.h */ = {isa = PBXFileReference; lastKnownFileType = sourcecode.c.h; path = "MMap-Bridging-Header.h"; sourceTree = "<group>"; };
		1B409DA4207CA11F0029A906 /* mmap.m */ = {isa = PBXFileReference; lastKnownFileType = sourcecode.c.objc; path = mmap.m; sourceTree = "<group>"; };
		1B409DA6207CAA960029A906 /* data.txt */ = {isa = PBXFileReference; lastKnownFileType = text; path = data.txt; sourceTree = "<group>"; };
/* End PBXFileReference section */

/* Begin PBXFrameworksBuildPhase section */
		1B409D8B207C9ACB0029A906 /* Frameworks */ = {
			isa = PBXFrameworksBuildPhase;
			buildActionMask = 2147483647;
			files = (
			);
			runOnlyForDeploymentPostprocessing = 0;
		};
/* End PBXFrameworksBuildPhase section */

/* Begin PBXGroup section */
		1B409D85207C9ACB0029A906 = {
			isa = PBXGroup;
			children = (
				1B409D90207C9ACB0029A906 /* MMap */,
				1B409D8F207C9ACB0029A906 /* Products */,
			);
			sourceTree = "<group>";
		};
		1B409D8F207C9ACB0029A906 /* Products */ = {
			isa = PBXGroup;
			children = (
				1B409D8E207C9ACB0029A906 /* MMap.app */,
			);
			name = Products;
			sourceTree = "<group>";
		};
		1B409D90207C9ACB0029A906 /* MMap */ = {
			isa = PBXGroup;
			children = (
				1B409D91207C9ACB0029A906 /* AppDelegate.swift */,
				1B409D93207C9ACB0029A906 /* ViewController.swift */,
				1B409DA4207CA11F0029A906 /* mmap.m */,
				1B409D95207C9ACB0029A906 /* Main.storyboard */,
				1B409D98207C9ACB0029A906 /* Assets.xcassets */,
				1B409D9A207C9ACB0029A906 /* LaunchScreen.storyboard */,
				1B409D9D207C9ACB0029A906 /* Info.plist */,
				1B409DA3207CA11F0029A906 /* MMap-Bridging-Header.h */,
				1B409DA6207CAA960029A906 /* data.txt */,
				1B2982C22086F02900AA2848 /* dataout.txt */,
			);
			path = MMap;
			sourceTree = "<group>";
		};
/* End PBXGroup section */

/* Begin PBXNativeTarget section */
		1B409D8D207C9ACB0029A906 /* MMap */ = {
			isa = PBXNativeTarget;
			buildConfigurationList = 1B409DA0207C9ACB0029A906 /* Build configuration list for PBXNativeTarget "MMap" */;
			buildPhases = (
				1B409D8A207C9ACB0029A906 /* Sources */,
				1B409D8B207C9ACB0029A906 /* Frameworks */,
				1B409D8C207C9ACB0029A906 /* Resources */,
			);
			buildRules = (
			);
			dependencies = (
			);
			name = MMap;
			productName = MMap;
			productReference = 1B409D8E207C9ACB0029A906 /* MMap.app */;
			productType = "com.apple.product-type.application";
		};
/* End PBXNativeTarget section */

/* Begin PBXProject section */
		1B409D86207C9ACB0029A906 /* Project object */ = {
			isa = PBXProject;
			attributes = {
				LastSwiftUpdateCheck = 0900;
				LastUpgradeCheck = 0900;
				ORGANIZATIONNAME = qianmi;
				TargetAttributes = {
					1B409D8D207C9ACB0029A906 = {
						CreatedOnToolsVersion = 9.0;
						LastSwiftMigration = 0900;
						ProvisioningStyle = Automatic;
					};
				};
			};
			buildConfigurationList = 1B409D89207C9ACB0029A906 /* Build configuration list for PBXProject "MMap" */;
			compatibilityVersion = "Xcode 8.0";
			developmentRegion = en;
			hasScannedForEncodings = 0;
			knownRegions = (
				en,
				Base,
			);
			mainGroup = 1B409D85207C9ACB0029A906;
			productRefGroup = 1B409D8F207C9ACB0029A906 /* Products */;
			projectDirPath = "";
			projectRoot = "";
			targets = (
				1B409D8D207C9ACB0029A906 /* MMap */,
			);
		};
/* End PBXProject section */

/* Begin PBXResourcesBuildPhase section */
		1B409D8C207C9ACB0029A906 /* Resources */ = {
			isa = PBXResourcesBuildPhase;
			buildActionMask = 2147483647;
			files = (
				1B409DA7207CAA960029A906 /* data.txt in Resources */,
				1B409D9C207C9ACB0029A906 /* LaunchScreen.storyboard in Resources */,
				1B409D99207C9ACB0029A906 /* Assets.xcassets in Resources */,
				1B2982C32086F02900AA2848 /* dataout.txt in Resources */,
				1B409D97207C9ACB0029A906 /* Main.storyboard in Resources */,
			);
			runOnlyForDeploymentPostprocessing = 0;
		};
/* End PBXResourcesBuildPhase section */

/* Begin PBXSourcesBuildPhase section */
		1B409D8A207C9ACB0029A906 /* Sources */ = {
			isa = PBXSourcesBuildPhase;
			buildActionMask = 2147483647;
			files = (
				1B409DA5207CA11F0029A906 /* mmap.m in Sources */,
				1B409D94207C9ACB0029A906 /* ViewController.swift in Sources */,
				1B409D92207C9ACB0029A906 /* AppDelegate.swift in Sources */,
			);
			runOnlyForDeploymentPostprocessing = 0;
		};
/* End PBXSourcesBuildPhase section */

/* Begin PBXVariantGroup section */
		1B409D95207C9ACB0029A906 /* Main.storyboard */ = {
			isa = PBXVariantGroup;
			children = (
				1B409D96207C9ACB0029A906 /* Base */,
			);
			name = Main.storyboard;
			sourceTree = "<group>";
		};
		1B409D9A207C9ACB0029A906 /* LaunchScreen.storyboard */ = {
			isa = PBXVariantGroup;
			children = (
				1B409D9B207C9ACB0029A906 /* Base */,
			);
			name = LaunchScreen.storyboard;
			sourceTree = "<group>";
		};
/* End PBXVariantGroup section */

/* Begin XCBuildConfiguration section */
		1B409D9E207C9ACB0029A906 /* Debug */ = {
			isa = XCBuildConfiguration;
			buildSettings = {
				ALWAYS_SEARCH_USER_PATHS = NO;
				CLANG_ANALYZER_NONNULL = YES;
				CLANG_ANALYZER_NUMBER_OBJECT_CONVERSION = YES_AGGRESSIVE;
				CLANG_CXX_LANGUAGE_STANDARD = "gnu++14";
				CLANG_CXX_LIBRARY = "libc++";
				CLANG_ENABLE_MODULES = YES;
				CLANG_ENABLE_OBJC_ARC = YES;
				CLANG_WARN_BLOCK_CAPTURE_AUTORELEASING = YES;
				CLANG_WARN_BOOL_CONVERSION = YES;
				CLANG_WARN_COMMA = YES;
				CLANG_WARN_CONSTANT_CONVERSION = YES;
				CLANG_WARN_DIRECT_OBJC_ISA_USAGE = YES_ERROR;
				CLANG_WARN_DOCUMENTATION_COMMENTS = YES;
				CLANG_WARN_EMPTY_BODY = YES;
				CLANG_WARN_ENUM_CONVERSION = YES;
				CLANG_WARN_INFINITE_RECURSION = YES;
				CLANG_WARN_INT_CONVERSION = YES;
				CLANG_WARN_NON_LITERAL_NULL_CONVERSION = YES;
				CLANG_WARN_OBJC_LITERAL_CONVERSION = YES;
				CLANG_WARN_OBJC_ROOT_CLASS = YES_ERROR;
				CLANG_WARN_RANGE_LOOP_ANALYSIS = YES;
				CLANG_WARN_STRICT_PROTOTYPES = YES;
				CLANG_WARN_SUSPICIOUS_MOVE = YES;
				CLANG_WARN_UNGUARDED_AVAILABILITY = YES_AGGRESSIVE;
				CLANG_WARN_UNREACHABLE_CODE = YES;
				CLANG_WARN__DUPLICATE_METHOD_MATCH = YES;
				CODE_SIGN_IDENTITY = "iPhone Developer";
				COPY_PHASE_STRIP = NO;
				DEBUG_INFORMATION_FORMAT = dwarf;
				ENABLE_STRICT_OBJC_MSGSEND = YES;
				ENABLE_TESTABILITY = YES;
				GCC_C_LANGUAGE_STANDARD = gnu11;
				GCC_DYNAMIC_NO_PIC = NO;
				GCC_NO_COMMON_BLOCKS = YES;
				GCC_OPTIMIZATION_LEVEL = 0;
				GCC_PREPROCESSOR_DEFINITIONS = (
					"DEBUG=1",
					"$(inherited)",
				);
				GCC_WARN_64_TO_32_BIT_CONVERSION = YES;
				GCC_WARN_ABOUT_RETURN_TYPE = YES_ERROR;
				GCC_WARN_UNDECLARED_SELECTOR = YES;
				GCC_WARN_UNINITIALIZED_AUTOS = YES_AGGRESSIVE;
				GCC_WARN_UNUSED_FUNCTION = YES;
				GCC_WARN_UNUSED_VARIABLE = YES;
				IPHONEOS_DEPLOYMENT_TARGET = 11.0;
				MTL_ENABLE_DEBUG_INFO = YES;
				ONLY_ACTIVE_ARCH = YES;
				SDKROOT = iphoneos;
				SWIFT_ACTIVE_COMPILATION_CONDITIONS = DEBUG;
				SWIFT_OPTIMIZATION_LEVEL = "-Onone";
			};
			name = Debug;
		};
		1B409D9F207C9ACB0029A906 /* Release */ = {
			isa = XCBuildConfiguration;
			buildSettings = {
				ALWAYS_SEARCH_USER_PATHS = NO;
				CLANG_ANALYZER_NONNULL = YES;
				CLANG_ANALYZER_NUMBER_OBJECT_CONVERSION = YES_AGGRESSIVE;
				CLANG_CXX_LANGUAGE_STANDARD = "gnu++14";
				CLANG_CXX_LIBRARY = "libc++";
				CLANG_ENABLE_MODULES = YES;
				CLANG_ENABLE_OBJC_ARC = YES;
				CLANG_WARN_BLOCK_CAPTURE_AUTORELEASING = YES;
				CLANG_WARN_BOOL_CONVERSION = YES;
				CLANG_WARN_COMMA = YES;
				CLANG_WARN_CONSTANT_CONVERSION = YES;
				CLANG_WARN_DIRECT_OBJC_ISA_USAGE = YES_ERROR;
				CLANG_WARN_DOCUMENTATION_COMMENTS = YES;
				CLANG_WARN_EMPTY_BODY = YES;
				CLANG_WARN_ENUM_CONVERSION = YES;
				CLANG_WARN_INFINITE_RECURSION = YES;
				CLANG_WARN_INT_CONVERSION = YES;
				CLANG_WARN_NON_LITERAL_NULL_CONVERSION = YES;
				CLANG_WARN_OBJC_LITERAL_CONVERSION = YES;
				CLANG_WARN_OBJC_ROOT_CLASS = YES_ERROR;
				CLANG_WARN_RANGE_LOOP_ANALYSIS = YES;
				CLANG_WARN_STRICT_PROTOTYPES = YES;
				CLANG_WARN_SUSPICIOUS_MOVE = YES;
				CLANG_WARN_UNGUARDED_AVAILABILITY = YES_AGGRESSIVE;
				CLANG_WARN_UNREACHABLE_CODE = YES;
				CLANG_WARN__DUPLICATE_METHOD_MATCH = YES;
				CODE_SIGN_IDENTITY = "iPhone Developer";
				COPY_PHASE_STRIP = NO;
				DEBUG_INFORMATION_FORMAT = "dwarf-with-dsym";
				ENABLE_NS_ASSERTIONS = NO;
				ENABLE_STRICT_OBJC_MSGSEND = YES;
				GCC_C_LANGUAGE_STANDARD = gnu11;
				GCC_NO_COMMON_BLOCKS = YES;
				GCC_WARN_64_TO_32_BIT_CONVERSION = YES;
				GCC_WARN_ABOUT_RETURN_TYPE = YES_ERROR;
				GCC_WARN_UNDECLARED_SELECTOR = YES;
				GCC_WARN_UNINITIALIZED_AUTOS = YES_AGGRESSIVE;
				GCC_WARN_UNUSED_FUNCTION = YES;
				GCC_WARN_UNUSED_VARIABLE = YES;
				IPHONEOS_DEPLOYMENT_TARGET = 11.0;
				MTL_ENABLE_DEBUG_INFO = NO;
				SDKROOT = iphoneos;
				SWIFT_OPTIMIZATION_LEVEL = "-Owholemodule";
				VALIDATE_PRODUCT = YES;
			};
			name = Release;
		};
		1B409DA1207C9ACB0029A906 /* Debug */ = {
			isa = XCBuildConfiguration;
			buildSettings = {
				ASSETCATALOG_COMPILER_APPICON_NAME = AppIcon;
				CLANG_ENABLE_MODULES = YES;
				CODE_SIGN_STYLE = Automatic;
				INFOPLIST_FILE = MMap/Info.plist;
				LD_RUNPATH_SEARCH_PATHS = "$(inherited) @executable_path/Frameworks";
				PRODUCT_BUNDLE_IDENTIFIER = com.qianmi.MMap;
				PRODUCT_NAME = "$(TARGET_NAME)";
				SWIFT_OBJC_BRIDGING_HEADER = "MMap/MMap-Bridging-Header.h";
				SWIFT_OPTIMIZATION_LEVEL = "-Onone";
				SWIFT_VERSION = 4.0;
				TARGETED_DEVICE_FAMILY = "1,2";
			};
			name = Debug;
		};
		1B409DA2207C9ACB0029A906 /* Release */ = {
			isa = XCBuildConfiguration;
			buildSettings = {
				ASSETCATALOG_COMPILER_APPICON_NAME = AppIcon;
				CLANG_ENABLE_MODULES = YES;
				CODE_SIGN_STYLE = Automatic;
				INFOPLIST_FILE = MMap/Info.plist;
				LD_RUNPATH_SEARCH_PATHS = "$(inherited) @executable_path/Frameworks";
				PRODUCT_BUNDLE_IDENTIFIER = com.qianmi.MMap;
				PRODUCT_NAME = "$(TARGET_NAME)";
				SWIFT_OBJC_BRIDGING_HEADER = "MMap/MMap-Bridging-Header.h";
				SWIFT_VERSION = 4.0;
				TARGETED_DEVICE_FAMILY = "1,2";
			};
			name = Release;
		};
/* End XCBuildConfiguration section */

/* Begin XCConfigurationList section */
		1B409D89207C9ACB0029A906 /* Build configuration list for PBXProject "MMap" */ = {
			isa = XCConfigurationList;
			buildConfigurations = (
				1B409D9E207C9ACB0029A906 /* Debug */,
				1B409D9F207C9ACB0029A906 /* Release */,
			);
			defaultConfigurationIsVisible = 0;
			defaultConfigurationName = Release;
		};
		1B409DA0207C9ACB0029A906 /* Build configuration list for PBXNativeTarget "MMap" */ = {
			isa = XCConfigurationList;
			buildConfigurations = (
				1B409DA1207C9ACB0029A906 /* Debug */,
				1B409DA2207C9ACB0029A906 /* Release */,
			);
			defaultConfigurationIsVisible = 0;
			defaultConfigurationName = Release;
		};
/* End XCConfigurationList section */
	};
	rootObject = 1B409D86207C9ACB0029A906 /* Project object */;
}
